{
  "name": "ctm-christmas-hackathon",
  "version": "1.0.0",
  "lockfileVersion": 1,
  "requires": true,
  "dependencies": {
    "accepts": {
      "version": "1.3.5",
      "resolved": "https://registry.npmjs.org/accepts/-/accepts-1.3.5.tgz",
      "integrity": "sha1-63d99gEXI6OxTopywIBcjoZ0a9I=",
      "requires": {
        "mime-types": "~2.1.18",
        "negotiator": "0.6.1"
      }
    },
    "amdefine": {
      "version": "1.0.1",
      "resolved": "https://registry.npmjs.org/amdefine/-/amdefine-1.0.1.tgz",
      "integrity": "sha1-SlKCrBZHKek2Gbz9OtFR+BfOkfU="
    },
    "balanced-match": {
      "version": "1.0.0",
      "resolved": "https://registry.npmjs.org/balanced-match/-/balanced-match-1.0.0.tgz",
      "integrity": "sha1-ibTRmasr7kneFk6gK4nORi1xt2c="
    },
    "batch": {
      "version": "0.6.1",
      "resolved": "https://registry.npmjs.org/batch/-/batch-0.6.1.tgz",
      "integrity": "sha1-3DQxT05nkxgJP8dgJyUl+UvyXBY="
    },
    "body-parser": {
      "version": "1.14.2",
      "resolved": "http://registry.npmjs.org/body-parser/-/body-parser-1.14.2.tgz",
      "integrity": "sha1-EBXLH+LEQ4WCWVgdtTMy+NDPUPk=",
      "requires": {
        "bytes": "2.2.0",
        "content-type": "~1.0.1",
        "debug": "~2.2.0",
        "depd": "~1.1.0",
        "http-errors": "~1.3.1",
        "iconv-lite": "0.4.13",
        "on-finished": "~2.3.0",
        "qs": "5.2.0",
        "raw-body": "~2.1.5",
        "type-is": "~1.6.10"
      },
      "dependencies": {
        "debug": {
          "version": "2.2.0",
          "resolved": "http://registry.npmjs.org/debug/-/debug-2.2.0.tgz",
          "integrity": "sha1-+HBX6ZWxofauaklgZkE3vFbwOdo=",
          "requires": {
            "ms": "0.7.1"
          }
        },
        "http-errors": {
          "version": "1.3.1",
          "resolved": "http://registry.npmjs.org/http-errors/-/http-errors-1.3.1.tgz",
          "integrity": "sha1-GX4izevUGYWF6GlO9nhhl7ke2UI=",
          "requires": {
            "inherits": "~2.0.1",
            "statuses": "1"
          }
        },
        "ms": {
          "version": "0.7.1",
          "resolved": "http://registry.npmjs.org/ms/-/ms-0.7.1.tgz",
          "integrity": "sha1-nNE8A62/8ltl7/3nzoZO6VIBcJg="
        },
        "qs": {
          "version": "5.2.0",
          "resolved": "http://registry.npmjs.org/qs/-/qs-5.2.0.tgz",
          "integrity": "sha1-qfMRQq9GjLcrJbMBNrokVoNJFr4="
        }
      }
    },
    "brace-expansion": {
      "version": "1.1.11",
      "resolved": "https://registry.npmjs.org/brace-expansion/-/brace-expansion-1.1.11.tgz",
      "integrity": "sha512-iCuPHDFgrHX7H2vEI/5xpz07zSHB00TpugqhmYtVmMO6518mCuRMoOYFldEBl0g187ufozdaHgWKcYFb61qGiA==",
      "requires": {
        "balanced-match": "^1.0.0",
        "concat-map": "0.0.1"
      }
    },
    "bytes": {
      "version": "2.2.0",
      "resolved": "https://registry.npmjs.org/bytes/-/bytes-2.2.0.tgz",
      "integrity": "sha1-/TVGSkA/b5EXwt42Cez/nK4ABYg="
    },
    "commander": {
      "version": "2.19.0",
      "resolved": "https://registry.npmjs.org/commander/-/commander-2.19.0.tgz",
      "integrity": "sha512-6tvAOO+D6OENvRAh524Dh9jcfKTYDQAqvqezbCW82xj5X0pSrcpxtvRKHLG0yBY6SD7PSDrJaj+0AiOcKVd1Xg=="
    },
    "concat-map": {
      "version": "0.0.1",
      "resolved": "https://registry.npmjs.org/concat-map/-/concat-map-0.0.1.tgz",
      "integrity": "sha1-2Klr13/Wjfd5OnMDajug1UBdR3s="
    },
    "connect": {
      "version": "3.6.6",
      "resolved": "https://registry.npmjs.org/connect/-/connect-3.6.6.tgz",
      "integrity": "sha1-Ce/2xVr3I24TcTWnJXSFi2eG9SQ=",
      "requires": {
        "debug": "2.6.9",
        "finalhandler": "1.1.0",
        "parseurl": "~1.3.2",
        "utils-merge": "1.0.1"
      },
      "dependencies": {
        "debug": {
          "version": "2.6.9",
          "resolved": "https://registry.npmjs.org/debug/-/debug-2.6.9.tgz",
          "integrity": "sha512-bC7ElrdJaJnPbAP+1EotYvqZsb3ecl5wi6Bfi6BJTUcNowp6cvspg0jXznRTKDjm/E7AdgFBVeAPVMNcKGsHMA==",
          "requires": {
            "ms": "2.0.0"
          }
        }
      }
    },
    "connect-livereload": {
      "version": "0.5.4",
      "resolved": "https://registry.npmjs.org/connect-livereload/-/connect-livereload-0.5.4.tgz",
      "integrity": "sha1-gBV9E3HJ83zBQDmrGJWXDRGdw7w="
    },
    "content-type": {
      "version": "1.0.4",
      "resolved": "https://registry.npmjs.org/content-type/-/content-type-1.0.4.tgz",
      "integrity": "sha512-hIP3EEPs8tB9AT1L+NUqtwOAps4mk2Zob89MWXMHjHWg9milF/j4osnnQLXBCBFBk/tvIG/tUc9mOUJiPBhPXA=="
    },
    "depd": {
      "version": "1.1.2",
      "resolved": "https://registry.npmjs.org/depd/-/depd-1.1.2.tgz",
      "integrity": "sha1-m81S4UwJd2PnSbJ0xDRu0uVgtak="
    },
    "destroy": {
      "version": "1.0.4",
      "resolved": "https://registry.npmjs.org/destroy/-/destroy-1.0.4.tgz",
      "integrity": "sha1-l4hXRCxEdJ5CBmE+N5RiBYJqvYA="
    },
    "ee-first": {
      "version": "1.1.1",
      "resolved": "https://registry.npmjs.org/ee-first/-/ee-first-1.1.1.tgz",
      "integrity": "sha1-WQxhFWsK4vTwJVcyoViyZrxWsh0="
    },
    "encodeurl": {
      "version": "1.0.2",
      "resolved": "https://registry.npmjs.org/encodeurl/-/encodeurl-1.0.2.tgz",
      "integrity": "sha1-rT/0yG7C0CkyL1oCw6mmBslbP1k="
    },
    "escape-html": {
      "version": "1.0.3",
      "resolved": "https://registry.npmjs.org/escape-html/-/escape-html-1.0.3.tgz",
      "integrity": "sha1-Aljq5NPQwJdN4cFpGI7wBR0dGYg="
    },
    "etag": {
      "version": "1.8.1",
      "resolved": "https://registry.npmjs.org/etag/-/etag-1.8.1.tgz",
      "integrity": "sha1-Qa4u62XvpiJorr/qg6x9eSmbCIc="
    },
    "faye-websocket": {
      "version": "0.10.0",
      "resolved": "https://registry.npmjs.org/faye-websocket/-/faye-websocket-0.10.0.tgz",
      "integrity": "sha1-TkkvjQTftviQA1B/btvy1QHnxvQ=",
      "requires": {
        "websocket-driver": ">=0.5.1"
      }
    },
    "finalhandler": {
      "version": "1.1.0",
      "resolved": "https://registry.npmjs.org/finalhandler/-/finalhandler-1.1.0.tgz",
      "integrity": "sha1-zgtoVbRYU+eRsvzGgARtiCU91/U=",
      "requires": {
        "debug": "2.6.9",
        "encodeurl": "~1.0.1",
        "escape-html": "~1.0.3",
        "on-finished": "~2.3.0",
        "parseurl": "~1.3.2",
        "statuses": "~1.3.1",
        "unpipe": "~1.0.0"
      },
      "dependencies": {
        "debug": {
          "version": "2.6.9",
          "resolved": "https://registry.npmjs.org/debug/-/debug-2.6.9.tgz",
          "integrity": "sha512-bC7ElrdJaJnPbAP+1EotYvqZsb3ecl5wi6Bfi6BJTUcNowp6cvspg0jXznRTKDjm/E7AdgFBVeAPVMNcKGsHMA==",
          "requires": {
            "ms": "2.0.0"
          }
        }
      }
    },
    "fresh": {
      "version": "0.5.2",
      "resolved": "https://registry.npmjs.org/fresh/-/fresh-0.5.2.tgz",
      "integrity": "sha1-PYyt2Q2XZWn6g1qx+OSyOhBWBac="
    },
    "fs.realpath": {
      "version": "1.0.0",
      "resolved": "https://registry.npmjs.org/fs.realpath/-/fs.realpath-1.0.0.tgz",
      "integrity": "sha1-FQStJSMVjKpA20onh8sBQRmU6k8="
    },
    "gaze": {
      "version": "1.1.3",
      "resolved": "https://registry.npmjs.org/gaze/-/gaze-1.1.3.tgz",
      "integrity": "sha512-BRdNm8hbWzFzWHERTrejLqwHDfS4GibPoq5wjTPIoJHoBtKGPg3xAFfxmM+9ztbXelxcf2hwQcaz1PtmFeue8g==",
      "requires": {
        "globule": "^1.0.0"
      }
    },
    "glob": {
      "version": "7.1.3",
      "resolved": "https://registry.npmjs.org/glob/-/glob-7.1.3.tgz",
      "integrity": "sha512-vcfuiIxogLV4DlGBHIUOwI0IbrJ8HWPc4MU7HzviGeNho/UJDfi6B5p3sHeWIQ0KGIU0Jpxi5ZHxemQfLkkAwQ==",
      "requires": {
        "fs.realpath": "^1.0.0",
        "inflight": "^1.0.4",
        "inherits": "2",
        "minimatch": "^3.0.4",
        "once": "^1.3.0",
        "path-is-absolute": "^1.0.0"
      }
    },
    "globule": {
      "version": "1.2.1",
      "resolved": "https://registry.npmjs.org/globule/-/globule-1.2.1.tgz",
      "integrity": "sha512-g7QtgWF4uYSL5/dn71WxubOrS7JVGCnFPEnoeChJmBnyR9Mw8nGoEwOgJL/RC2Te0WhbsEUCejfH8SZNJ+adYQ==",
      "requires": {
        "glob": "~7.1.1",
        "lodash": "~4.17.10",
        "minimatch": "~3.0.2"
      }
    },
    "http-errors": {
      "version": "1.6.3",
      "resolved": "http://registry.npmjs.org/http-errors/-/http-errors-1.6.3.tgz",
      "integrity": "sha1-i1VoC7S+KDoLW/TqLjhYC+HZMg0=",
      "requires": {
        "depd": "~1.1.2",
        "inherits": "2.0.3",
        "setprototypeof": "1.1.0",
        "statuses": ">= 1.4.0 < 2"
      },
      "dependencies": {
        "statuses": {
          "version": "1.5.0",
          "resolved": "https://registry.npmjs.org/statuses/-/statuses-1.5.0.tgz",
          "integrity": "sha1-Fhx9rBd2Wf2YEfQ3cfqZOBR4Yow="
        }
      }
    },
    "http-parser-js": {
      "version": "0.5.0",
      "resolved": "https://registry.npmjs.org/http-parser-js/-/http-parser-js-0.5.0.tgz",
      "integrity": "sha512-cZdEF7r4gfRIq7ezX9J0T+kQmJNOub71dWbgAXVHDct80TKP4MCETtZQ31xyv38UwgzkWPYF/Xc0ge55dW9Z9w=="
    },
    "iconv-lite": {
      "version": "0.4.13",
      "resolved": "http://registry.npmjs.org/iconv-lite/-/iconv-lite-0.4.13.tgz",
      "integrity": "sha1-H4irpKsLFQjoMSrMOTRfNumS4vI="
    },
    "inflight": {
      "version": "1.0.6",
      "resolved": "https://registry.npmjs.org/inflight/-/inflight-1.0.6.tgz",
      "integrity": "sha1-Sb1jMdfQLQwJvJEKEHW6gWW1bfk=",
      "requires": {
        "once": "^1.3.0",
        "wrappy": "1"
      }
    },
    "inherits": {
      "version": "2.0.3",
      "resolved": "https://registry.npmjs.org/inherits/-/inherits-2.0.3.tgz",
      "integrity": "sha1-Yzwsg+PaQqUC9SRmAiSA9CCCYd4="
    },
    "livereload-js": {
      "version": "2.4.0",
      "resolved": "https://registry.npmjs.org/livereload-js/-/livereload-js-2.4.0.tgz",
      "integrity": "sha512-XPQH8Z2GDP/Hwz2PCDrh2mth4yFejwA1OZ/81Ti3LgKyhDcEjsSsqFWZojHG0va/duGd+WyosY7eXLDoOyqcPw=="
    },
    "lodash": {
      "version": "4.17.11",
      "resolved": "https://registry.npmjs.org/lodash/-/lodash-4.17.11.tgz",
      "integrity": "sha512-cQKh8igo5QUhZ7lg38DYWAxMvjSAKG0A8wGSVimP07SIUEK2UO+arSRKbRZWtelMtN5V0Hkwh5ryOto/SshYIg=="
    },
    "lodash.debounce": {
      "version": "4.0.8",
      "resolved": "https://registry.npmjs.org/lodash.debounce/-/lodash.debounce-4.0.8.tgz",
      "integrity": "sha1-gteb/zCmfEAF/9XiUVMArZyk168="
    },
    "lr-http-server": {
      "version": "0.1.5",
      "resolved": "https://registry.npmjs.org/lr-http-server/-/lr-http-server-0.1.5.tgz",
      "integrity": "sha1-jpeB1tKuFS4h1owTOGK+EawgKdI=",
      "requires": {
        "commander": "^2.0.0",
        "connect": "^3.4.1",
        "connect-livereload": "^0.5.4",
        "gaze": "^1.1.0",
        "lodash.debounce": "^4.0.8",
        "open": "0.0.5",
        "serve-index": "^1.8.0",
        "serve-static": "^1.11.1",
        "tiny-lr": "^0.2.1"
      }
    },
    "media-typer": {
      "version": "0.3.0",
      "resolved": "http://registry.npmjs.org/media-typer/-/media-typer-0.3.0.tgz",
      "integrity": "sha1-hxDXrwqmJvj/+hzgAWhUUmMlV0g="
    },
    "mime-db": {
      "version": "1.37.0",
      "resolved": "https://registry.npmjs.org/mime-db/-/mime-db-1.37.0.tgz",
      "integrity": "sha512-R3C4db6bgQhlIhPU48fUtdVmKnflq+hRdad7IyKhtFj06VPNVdk2RhiYL3UjQIlso8L+YxAtFkobT0VK+S/ybg=="
    },
    "mime-types": {
      "version": "2.1.21",
      "resolved": "https://registry.npmjs.org/mime-types/-/mime-types-2.1.21.tgz",
      "integrity": "sha512-3iL6DbwpyLzjR3xHSFNFeb9Nz/M8WDkX33t1GFQnFOllWk8pOrh/LSrB5OXlnlW5P9LH73X6loW/eogc+F5lJg==",
      "requires": {
        "mime-db": "~1.37.0"
      }
    },
    "minimatch": {
      "version": "3.0.4",
      "resolved": "https://registry.npmjs.org/minimatch/-/minimatch-3.0.4.tgz",
      "integrity": "sha512-yJHVQEhyqPLUTgt9B83PXu6W3rx4MvvHvSUvToogpwoGDOUQ+yDrR0HRot+yOCdCO7u4hX3pWft6kWBBcqh0UA==",
      "requires": {
        "brace-expansion": "^1.1.7"
      }
    },
    "ms": {
      "version": "2.0.0",
      "resolved": "https://registry.npmjs.org/ms/-/ms-2.0.0.tgz",
      "integrity": "sha1-VgiurfwAvmwpAd9fmGF4jeDVl8g="
    },
    "negotiator": {
      "version": "0.6.1",
      "resolved": "https://registry.npmjs.org/negotiator/-/negotiator-0.6.1.tgz",
      "integrity": "sha1-KzJxhOiZIQEXeyhWP7XnECrNDKk="
    },
    "on-finished": {
      "version": "2.3.0",
      "resolved": "https://registry.npmjs.org/on-finished/-/on-finished-2.3.0.tgz",
      "integrity": "sha1-IPEzZIGwg811M3mSoWlxqi2QaUc=",
      "requires": {
        "ee-first": "1.1.1"
      }
    },
    "once": {
      "version": "1.4.0",
      "resolved": "https://registry.npmjs.org/once/-/once-1.4.0.tgz",
      "integrity": "sha1-WDsap3WWHUsROsF9nFC6753Xa9E=",
      "requires": {
        "wrappy": "1"
      }
    },
    "open": {
      "version": "0.0.5",
      "resolved": "https://registry.npmjs.org/open/-/open-0.0.5.tgz",
      "integrity": "sha1-QsPhjslUZra/DcQvOilFw/DK2Pw="
    },
    "parseurl": {
      "version": "1.3.2",
      "resolved": "https://registry.npmjs.org/parseurl/-/parseurl-1.3.2.tgz",
      "integrity": "sha1-/CidTtiZMRlGDBViUyYs3I3mW/M="
    },
    "path-is-absolute": {
      "version": "1.0.1",
      "resolved": "http://registry.npmjs.org/path-is-absolute/-/path-is-absolute-1.0.1.tgz",
      "integrity": "sha1-F0uSaHNVNP+8es5r9TpanhtcX18="
    },
    "pixi": {
      "version": "0.3.1",
      "resolved": "https://registry.npmjs.org/pixi/-/pixi-0.3.1.tgz",
      "integrity": "sha1-hYzWFkoyoeS0EZLN9cbZggkwC6g="
    },
    "range-parser": {
      "version": "1.2.0",
      "resolved": "https://registry.npmjs.org/range-parser/-/range-parser-1.2.0.tgz",
      "integrity": "sha1-9JvmtIeJTdxA3MlKMi9hEJLgDV4="
    },
    "raw-body": {
      "version": "2.1.7",
      "resolved": "https://registry.npmjs.org/raw-body/-/raw-body-2.1.7.tgz",
      "integrity": "sha1-rf6s4uT7MJgFgBTQjActzFl1h3Q=",
      "requires": {
        "bytes": "2.4.0",
        "iconv-lite": "0.4.13",
        "unpipe": "1.0.0"
      },
      "dependencies": {
        "bytes": {
          "version": "2.4.0",
          "resolved": "https://registry.npmjs.org/bytes/-/bytes-2.4.0.tgz",
          "integrity": "sha1-fZcZb51br39pNeJZhVSe3SpsIzk="
        }
      }
    },
    "require": {
      "version": "2.4.20",
      "resolved": "https://registry.npmjs.org/require/-/require-2.4.20.tgz",
      "integrity": "sha1-Zstrqqu2XeinHXk/XGX9GE83mLY=",
      "requires": {
        "std": "0.1.40",
        "uglify-js": "2.3.0"
      }
    },
    "send": {
      "version": "0.16.2",
      "resolved": "https://registry.npmjs.org/send/-/send-0.16.2.tgz",
      "integrity": "sha512-E64YFPUssFHEFBvpbbjr44NCLtI1AohxQ8ZSiJjQLskAdKuriYEP6VyGEsRDH8ScozGpkaX1BGvhanqCwkcEZw==",
      "requires": {
        "debug": "2.6.9",
        "depd": "~1.1.2",
        "destroy": "~1.0.4",
        "encodeurl": "~1.0.2",
        "escape-html": "~1.0.3",
        "etag": "~1.8.1",
        "fresh": "0.5.2",
        "http-errors": "~1.6.2",
        "mime": "1.4.1",
        "ms": "2.0.0",
        "on-finished": "~2.3.0",
        "range-parser": "~1.2.0",
        "statuses": "~1.4.0"
      },
      "dependencies": {
        "debug": {
          "version": "2.6.9",
          "resolved": "https://registry.npmjs.org/debug/-/debug-2.6.9.tgz",
          "integrity": "sha512-bC7ElrdJaJnPbAP+1EotYvqZsb3ecl5wi6Bfi6BJTUcNowp6cvspg0jXznRTKDjm/E7AdgFBVeAPVMNcKGsHMA==",
          "requires": {
            "ms": "2.0.0"
          }
        },
        "mime": {
          "version": "1.4.1",
          "resolved": "https://registry.npmjs.org/mime/-/mime-1.4.1.tgz",
          "integrity": "sha512-KI1+qOZu5DcW6wayYHSzR/tXKCDC5Om4s1z2QJjDULzLcmf3DvzS7oluY4HCTrc+9FiKmWUgeNLg7W3uIQvxtQ=="
        },
        "statuses": {
          "version": "1.4.0",
          "resolved": "https://registry.npmjs.org/statuses/-/statuses-1.4.0.tgz",
          "integrity": "sha512-zhSCtt8v2NDrRlPQpCNtw/heZLtfUDqxBM1udqikb/Hbk52LK4nQSwr10u77iopCW5LsyHpuXS0GnEc48mLeew=="
        }
      }
    },
    "serve-index": {
      "version": "1.9.1",
      "resolved": "https://registry.npmjs.org/serve-index/-/serve-index-1.9.1.tgz",
      "integrity": "sha1-03aNabHn2C5c4FD/9bRTvqEqkjk=",
      "requires": {
        "accepts": "~1.3.4",
        "batch": "0.6.1",
        "debug": "2.6.9",
        "escape-html": "~1.0.3",
        "http-errors": "~1.6.2",
        "mime-types": "~2.1.17",
        "parseurl": "~1.3.2"
      },
      "dependencies": {
        "debug": {
          "version": "2.6.9",
          "resolved": "https://registry.npmjs.org/debug/-/debug-2.6.9.tgz",
          "integrity": "sha512-bC7ElrdJaJnPbAP+1EotYvqZsb3ecl5wi6Bfi6BJTUcNowp6cvspg0jXznRTKDjm/E7AdgFBVeAPVMNcKGsHMA==",
          "requires": {
            "ms": "2.0.0"
          }
        }
      }
    },
    "serve-static": {
      "version": "1.13.2",
      "resolved": "https://registry.npmjs.org/serve-static/-/serve-static-1.13.2.tgz",
      "integrity": "sha512-p/tdJrO4U387R9oMjb1oj7qSMaMfmOyd4j9hOFoxZe2baQszgHcSWjuya/CiT5kgZZKRudHNOA0pYXOl8rQ5nw==",
      "requires": {
        "encodeurl": "~1.0.2",
        "escape-html": "~1.0.3",
        "parseurl": "~1.3.2",
        "send": "0.16.2"
      }
    },
    "setprototypeof": {
      "version": "1.1.0",
      "resolved": "https://registry.npmjs.org/setprototypeof/-/setprototypeof-1.1.0.tgz",
      "integrity": "sha512-BvE/TwpZX4FXExxOxZyRGQQv651MSwmWKZGqvmPcRIjDqWub67kTKuIMx43cZZrS/cBBzwBcNDWoFxt2XEFIpQ=="
    },
    "source-map": {
      "version": "0.1.43",
      "resolved": "http://registry.npmjs.org/source-map/-/source-map-0.1.43.tgz",
      "integrity": "sha1-wkvBRspRfBRx9drL4lcbK3+eM0Y=",
      "requires": {
        "amdefine": ">=0.0.4"
      }
    },
    "statuses": {
      "version": "1.3.1",
      "resolved": "https://registry.npmjs.org/statuses/-/statuses-1.3.1.tgz",
      "integrity": "sha1-+vUbnrdKrvOzrPStX2Gr8ky3uT4="
    },
    "std": {
      "version": "0.1.40",
      "resolved": "https://registry.npmjs.org/std/-/std-0.1.40.tgz",
      "integrity": "sha1-Nnil9lCU2eG2teJu2/wCErg0K3E="
    },
    "tiny-lr": {
      "version": "0.2.1",
      "resolved": "https://registry.npmjs.org/tiny-lr/-/tiny-lr-0.2.1.tgz",
      "integrity": "sha1-s/26gC5dVqM8L28QeUsy5Hescp0=",
      "requires": {
        "body-parser": "~1.14.0",
        "debug": "~2.2.0",
        "faye-websocket": "~0.10.0",
        "livereload-js": "^2.2.0",
        "parseurl": "~1.3.0",
        "qs": "~5.1.0"
      },
      "dependencies": {
        "debug": {
          "version": "2.2.0",
          "resolved": "http://registry.npmjs.org/debug/-/debug-2.2.0.tgz",
          "integrity": "sha1-+HBX6ZWxofauaklgZkE3vFbwOdo=",
          "requires": {
            "ms": "0.7.1"
          }
        },
        "ms": {
          "version": "0.7.1",
          "resolved": "http://registry.npmjs.org/ms/-/ms-0.7.1.tgz",
          "integrity": "sha1-nNE8A62/8ltl7/3nzoZO6VIBcJg="
        },
        "qs": {
          "version": "5.1.0",
          "resolved": "http://registry.npmjs.org/qs/-/qs-5.1.0.tgz",
          "integrity": "sha1-TZMuXH6kEcynajEtOaYGIA/VDNk="
        }
      }
    },
    "type-is": {
      "version": "1.6.16",
      "resolved": "https://registry.npmjs.org/type-is/-/type-is-1.6.16.tgz",
      "integrity": "sha512-HRkVv/5qY2G6I8iab9cI7v1bOIdhm94dVjQCPFElW9W+3GeDOSHmy2EBYe4VTApuzolPcmgFTN3ftVJRKR2J9Q==",
      "requires": {
        "media-typer": "0.3.0",
        "mime-types": "~2.1.18"
      }
    },
    "uglify-js": {
      "version": "2.3.0",
      "resolved": "http://registry.npmjs.org/uglify-js/-/uglify-js-2.3.0.tgz",
      "integrity": "sha1-LN7BbTeKiituz7aYl4TPi3rlSR8=",
      "requires": {
        "async": "~0.2.6",
        "optimist": "~0.3.5",
        "source-map": "~0.1.7"
      },
      "dependencies": {
        "async": {
          "version": "0.2.10",
          "resolved": "http://registry.npmjs.org/async/-/async-0.2.10.tgz",
          "integrity": "sha1-trvgsGdLnXGXCMo43owjfLUmw9E="
        },
        "optimist": {
          "version": "0.3.7",
          "resolved": "https://registry.npmjs.org/optimist/-/optimist-0.3.7.tgz",
          "integrity": "sha1-yQlBrVnkJzMokjB00s8ufLxuwNk=",
          "requires": {
            "wordwrap": "~0.0.2"
          }
        }
      }
    },
    "unpipe": {
      "version": "1.0.0",
      "resolved": "https://registry.npmjs.org/unpipe/-/unpipe-1.0.0.tgz",
      "integrity": "sha1-sr9O6FFKrmFltIF4KdIbLvSZBOw="
    },
    "utils-merge": {
      "version": "1.0.1",
      "resolved": "https://registry.npmjs.org/utils-merge/-/utils-merge-1.0.1.tgz",
      "integrity": "sha1-n5VxD1CiZ5R7LMwSR0HBAoQn5xM="
    },
    "websocket-driver": {
      "version": "0.7.0",
      "resolved": "https://registry.npmjs.org/websocket-driver/-/websocket-driver-0.7.0.tgz",
      "integrity": "sha1-DK+dLXVdk67gSdS90NP+LMoqJOs=",
      "requires": {
        "http-parser-js": ">=0.4.0",
        "websocket-extensions": ">=0.1.1"
      }
    },
    "websocket-extensions": {
      "version": "0.1.3",
      "resolved": "https://registry.npmjs.org/websocket-extensions/-/websocket-extensions-0.1.3.tgz",
      "integrity": "sha512-nqHUnMXmBzT0w570r2JpJxfiSD1IzoI+HGVdd3aZ0yNi3ngvQ4jv1dtHt5VGxfI2yj5yqImPhOK4vmIh2xMbGg=="
    },
    "wordwrap": {
      "version": "0.0.3",
      "resolved": "https://registry.npmjs.org/wordwrap/-/wordwrap-0.0.3.tgz",
      "integrity": "sha1-o9XabNXAvAAI03I0u68b7WMFkQc="
    },
    "wrappy": {
      "version": "1.0.2",
      "resolved": "https://registry.npmjs.org/wrappy/-/wrappy-1.0.2.tgz",
      "integrity": "sha1-tSQ9jz7BqjXxNkYFvA0QNuMKtp8="
    },
    "yarn": {
      "version": "1.12.3",
      "resolved": "https://registry.npmjs.org/yarn/-/yarn-1.12.3.tgz",
      "integrity": "sha512-8f5rWNDvkhAmCxmn8C0LsNWMxTYVk4VGKiq0sIB6HGZjaZTHsGIH87SUmVDUEd2Wk54bqKoUlbVWgQFCQhRkVw=="
    }
  }
}
